
Microsoft Visual Studio Solution File, Format Version 12.00
# Visual Studio Version 17
VisualStudioVersion = 17.5.002.0
MinimumVisualStudioVersion = 10.0.40219.1
Project("{9A19103F-16F7-4668-BE54-9A1E7A4F7556}") = "ApiBase", "ApiBase\ApiBase.csproj", "{9CF9AD99-0FE7-4E51-A4EC-B5BC014C0444}"
EndProject
Global
	GlobalSection(SolutionConfigurationPlatforms) = preSolution
		Debug|Any CPU = Debug|Any CPU
		Release|Any CPU = Release|Any CPU
	EndGlobalSection
	GlobalSection(ProjectConfigurationPlatforms) = postSolution
		{9CF9AD99-0FE7-4E51-A4EC-B5BC014C0444}.Debug|Any CPU.ActiveCfg = Debug|Any CPU
		{9CF9AD99-0FE7-4E51-A4EC-B5BC014C0444}.Debug|Any CPU.Build.0 = Debug|Any CPU
		{9CF9AD99-0FE7-4E51-A4EC-B5BC014C0444}.Release|Any CPU.ActiveCfg = Release|Any CPU
		{9CF9AD99-0FE7-4E51-A4EC-B5BC014C0444}.Release|Any CPU.Build.0 = Release|Any CPU
	EndGlobalSection
	GlobalSection(SolutionProperties) = preSolution
		HideSolutionNode = FALSE
	EndGlobalSection
	GlobalSection(ExtensibilityGlobals) = postSolution
		SolutionGuid = {89C1AB89-4FA1-4199-926C-D74EAADD2E4D}
	EndGlobalSection
EndGlobal
